{
  "object": {
    "pins": [
      {
        "package": "Alamofire",
        "repositoryURL": "https://github.com/Alamofire/Alamofire.git",
        "state": {
          "branch": "master",
          "revision": "4e1103600bef06bd26e42564063e8fe8c25ef3d2",
          "version": null
        }
      },
      {
        "package": "Scroller",
        "repositoryURL": "https://github.com/jasudev/Scroller.git",
        "state": {
          "branch": "main",
          "revision": "cbde0d440de7233e3261dfa4d78f4abe62a05f13",
          "version": null
        }
      },
      {
        "package": "SDWebImage",
        "repositoryURL": "https://github.com/SDWebImage/SDWebImage.git",
        "state": {
          "branch": null,
          "revision": "0fff0d7505b5306348263ea64fcc561253bbeb21",
          "version": "5.12.2"
        }
      },
      {
        "package": "SDWebImageSwiftUI",
        "repositoryURL": "https://github.com/SDWebImage/SDWebImageSwiftUI.git",
        "state": {
          "branch": "master",
          "revision": "336d3f6d3b53729c1f274bf6b75f4532ada116eb",
          "version": null
        }
      },
      {
        "package": "UnsplashProvider",
        "repositoryURL": "https://github.com/jasudev/UnsplashProvider.git",
        "state": {
          "branch": "main",
          "revision": "8192398e86cf7fbec0842df11e1669c70ffe02e3",
          "version": null
        }
      }
    ]
  },
  "version": 1
}
