{
  "object": {
    "pins": [
      {
        "package": "Alamofire",
        "repositoryURL": "https://github.com/Alamofire/Alamofire.git",
        "state": {
          "branch": null,
          "revision": "d120af1e8638c7da36c8481fd61a66c0c08dc4fc",
          "version": "5.4.4"
        }
      },
      {
        "package": "AnimateText",
        "repositoryURL": "https://github.com/jasudev/AnimateText.git",
        "state": {
          "branch": "main",
          "revision": "2bd78dca1a3bcc82f7004a58d64b4f34dcbf22b5",
          "version": null
        }
      },
      {
        "package": "AxisContribution",
        "repositoryURL": "https://github.com/jasudev/AxisContribution.git",
        "state": {
          "branch": "main",
          "revision": "b7a54b514422c1455ea94dc6e7451fd652aac657",
          "version": null
        }
      },
      {
        "package": "AxisRatingBar",
        "repositoryURL": "https://github.com/jasudev/AxisRatingBar.git",
        "state": {
          "branch": "main",
          "revision": "e4468c33376085ddd40f27b1c36b48b77bd626cc",
          "version": null
        }
      },
      {
        "package": "AxisSegmentedView",
        "repositoryURL": "https://github.com/jasudev/AxisSegmentedView.git",
        "state": {
          "branch": "main",
          "revision": "4a9a9c6c5b32b51e5d2fd4c30e8c475658853131",
          "version": null
        }
      },
      {
        "package": "AxisSheet",
        "repositoryURL": "https://github.com/jasudev/AxisSheet.git",
        "state": {
          "branch": "main",
          "revision": "251961e7d7d240538d77d3fbf5045dd7ade0b641",
          "version": null
        }
      },
      {
        "package": "AxisTabView",
        "repositoryURL": "https://github.com/jasudev/AxisTabView.git",
        "state": {
          "branch": "main",
          "revision": "82fa7be3bc6d0e829cef88b47e0f00ba0881d361",
          "version": null
        }
      },
      {
        "package": "AxisTooltip",
        "repositoryURL": "https://github.com/jasudev/AxisTooltip.git",
        "state": {
          "branch": "main",
          "revision": "adb25edec8dadc92925dbe2d6df29a16e279f299",
          "version": null
        }
      },
      {
        "package": "Lottie",
        "repositoryURL": "https://github.com/airbnb/lottie-ios.git",
        "state": {
          "branch": "master",
          "revision": "0ba8b64d572b37966309bf5705afe8e6aa76b7e0",
          "version": null
        }
      },
      {
        "package": "LottieUI",
        "repositoryURL": "https://github.com/jasudev/LottieUI.git",
        "state": {
          "branch": "main",
          "revision": "e45088d28a769bff3acf4e649c1c9e32c7edf081",
          "version": null
        }
      },
      {
        "package": "Scroller",
        "repositoryURL": "https://github.com/jasudev/Scroller.git",
        "state": {
          "branch": "main",
          "revision": "61dbc21640964286759e2799670d3dc5c50f610b",
          "version": null
        }
      },
      {
        "package": "SDWebImage",
        "repositoryURL": "https://github.com/SDWebImage/SDWebImage.git",
        "state": {
          "branch": null,
          "revision": "2c53f531f1bedd253f55d85105409c28ed4a922c",
          "version": "5.12.3"
        }
      },
      {
        "package": "SDWebImageSwiftUI",
        "repositoryURL": "https://github.com/SDWebImage/SDWebImageSwiftUI.git",
        "state": {
          "branch": "master",
          "revision": "336d3f6d3b53729c1f274bf6b75f4532ada116eb",
          "version": null
        }
      },
      {
        "package": "UnsplashProvider",
        "repositoryURL": "https://github.com/jasudev/UnsplashProvider.git",
        "state": {
          "branch": "main",
          "revision": "4c2ff4524f4f8a855a6329f289434b123c2d1b96",
          "version": null
        }
      }
    ]
  },
  "version": 1
}
