{
  "object": {
    "pins": [
      {
        "package": "Alamofire",
        "repositoryURL": "https://github.com/Alamofire/Alamofire.git",
        "state": {
          "branch": null,
          "revision": "d120af1e8638c7da36c8481fd61a66c0c08dc4fc",
          "version": "5.4.4"
        }
      },
      {
        "package": "AnimateText",
        "repositoryURL": "https://github.com/jasudev/AnimateText.git",
        "state": {
          "branch": "main",
          "revision": "c55847e03bb3f36cf83cc217fe60ec5feda9ddd6",
          "version": null
        }
      },
      {
        "package": "Scroller",
        "repositoryURL": "https://github.com/jasudev/Scroller.git",
        "state": {
          "branch": "main",
          "revision": "af097aec130f93f41dc85dbae27c055730d0022a",
          "version": null
        }
      },
      {
        "package": "SDWebImage",
        "repositoryURL": "https://github.com/SDWebImage/SDWebImage.git",
        "state": {
          "branch": null,
          "revision": "2c53f531f1bedd253f55d85105409c28ed4a922c",
          "version": "5.12.3"
        }
      },
      {
        "package": "SDWebImageSwiftUI",
        "repositoryURL": "https://github.com/SDWebImage/SDWebImageSwiftUI.git",
        "state": {
          "branch": "master",
          "revision": "336d3f6d3b53729c1f274bf6b75f4532ada116eb",
          "version": null
        }
      },
      {
        "package": "UnsplashProvider",
        "repositoryURL": "https://github.com/jasudev/UnsplashProvider.git",
        "state": {
          "branch": "main",
          "revision": "352d07a18bb1038f6551429e5f8780b48ecff149",
          "version": null
        }
      }
    ]
  },
  "version": 1
}
