{
  "object": {
    "pins": [
      {
        "package": "Alamofire",
        "repositoryURL": "https://github.com/Alamofire/Alamofire.git",
        "state": {
          "branch": null,
          "revision": "d120af1e8638c7da36c8481fd61a66c0c08dc4fc",
          "version": "5.4.4"
        }
      },
      {
        "package": "AnimateText",
        "repositoryURL": "https://github.com/jasudev/AnimateText.git",
        "state": {
          "branch": "main",
          "revision": "0f478496bb3d8931ae3316c140dfef786434d68d",
          "version": null
        }
      },
      {
        "package": "AxisContribution",
        "repositoryURL": "https://github.com/jasudev/AxisContribution.git",
        "state": {
          "branch": "main",
          "revision": "b7a54b514422c1455ea94dc6e7451fd652aac657",
          "version": null
        }
      },
      {
        "package": "AxisRatingBar",
        "repositoryURL": "https://github.com/jasudev/AxisRatingBar.git",
        "state": {
          "branch": "main",
          "revision": "e4468c33376085ddd40f27b1c36b48b77bd626cc",
          "version": null
        }
      },
      {
        "package": "AxisSegmentedView",
        "repositoryURL": "https://github.com/jasudev/AxisSegmentedView.git",
        "state": {
          "branch": "main",
          "revision": "5114779f1a31cac0e7fd9ced928ad8dc4875bfa0",
          "version": null
        }
      },
      {
        "package": "AxisSheet",
        "repositoryURL": "https://github.com/jasudev/AxisSheet.git",
        "state": {
          "branch": "main",
          "revision": "e577c37a7ee184f7018c85f0bf35baccbaa4c950",
          "version": null
        }
      },
      {
        "package": "AxisTabView",
        "repositoryURL": "https://github.com/jasudev/AxisTabView.git",
        "state": {
          "branch": "main",
          "revision": "a96f3ad288a733f1c774ea57bad8be87b45aa56e",
          "version": null
        }
      },
      {
        "package": "AxisTooltip",
        "repositoryURL": "https://github.com/jasudev/AxisTooltip.git",
        "state": {
          "branch": "main",
          "revision": "adb25edec8dadc92925dbe2d6df29a16e279f299",
          "version": null
        }
      },
      {
        "package": "Lottie",
        "repositoryURL": "https://github.com/airbnb/lottie-ios.git",
        "state": {
          "branch": "master",
          "revision": "0ba8b64d572b37966309bf5705afe8e6aa76b7e0",
          "version": null
        }
      },
      {
        "package": "LottieUI",
        "repositoryURL": "https://github.com/jasudev/LottieUI.git",
        "state": {
          "branch": "main",
          "revision": "e45088d28a769bff3acf4e649c1c9e32c7edf081",
          "version": null
        }
      },
      {
        "package": "Scroller",
        "repositoryURL": "https://github.com/jasudev/Scroller.git",
        "state": {
          "branch": "main",
          "revision": "61dbc21640964286759e2799670d3dc5c50f610b",
          "version": null
        }
      },
      {
        "package": "SDWebImage",
        "repositoryURL": "https://github.com/SDWebImage/SDWebImage.git",
        "state": {
          "branch": null,
          "revision": "1f06ef5007b6a580b3873ed2adee19e05d3b215a",
          "version": "5.18.3"
        }
      },
      {
        "package": "SDWebImageSwiftUI",
        "repositoryURL": "https://github.com/SDWebImage/SDWebImageSwiftUI.git",
        "state": {
          "branch": "master",
          "revision": "86b1901e4017afd628e17aef35194c18cdff08d4",
          "version": null
        }
      },
      {
        "package": "UnsplashProvider",
        "repositoryURL": "https://github.com/jasudev/UnsplashProvider.git",
        "state": {
          "branch": "main",
          "revision": "4c2ff4524f4f8a855a6329f289434b123c2d1b96",
          "version": null
        }
      }
    ]
  },
  "version": 1
}
